
Microsoft Visual Studio Solution File, Format Version 12.00
# Visual Studio Version 17
VisualStudioVersion = 17.7.34024.191
MinimumVisualStudioVersion = 10.0.40219.1
Project("{2150E333-8FDC-42A3-9474-1A3956D46DE8}") = "Host", "Host", "{52F8F224-01BD-4517-BD76-2DE8D03DC18A}"
EndProject
Project("{2150E333-8FDC-42A3-9474-1A3956D46DE8}") = "Infrastructure", "Infrastructure", "{E2FE77A1-4CC4-46BA-B808-3588E7F0973A}"
EndProject
Project("{2150E333-8FDC-42A3-9474-1A3956D46DE8}") = "Core", "Core", "{4FE8E3B1-D2C2-4427-A402-BD251EC549F7}"
EndProject
Project("{FAE04EC0-301F-11D3-BF4B-00C04F79EFBC}") = "FUCarRentingSystem", "FUCarRentingSystem\FUCarRentingSystem.csproj", "{B5E991D9-BA03-4E6D-B7B1-0D3FE06A0EDE}"
EndProject
Project("{FAE04EC0-301F-11D3-BF4B-00C04F79EFBC}") = "Domain", "Domain\Domain.csproj", "{9A0ED60F-A97A-408A-A48C-0785B8802A37}"
EndProject
Project("{FAE04EC0-301F-11D3-BF4B-00C04F79EFBC}") = "Application", "Application\Application.csproj", "{6610A3FA-ADB1-4A30-B986-57275ACAD3EF}"
EndProject
Project("{FAE04EC0-301F-11D3-BF4B-00C04F79EFBC}") = "Repositories", "Repositories\Repositories.csproj", "{2F0709E6-9A82-413E-BEFF-04581BE30EE8}"
EndProject
Global
	GlobalSection(SolutionConfigurationPlatforms) = preSolution
		Debug|Any CPU = Debug|Any CPU
		Release|Any CPU = Release|Any CPU
	EndGlobalSection
	GlobalSection(ProjectConfigurationPlatforms) = postSolution
		{B5E991D9-BA03-4E6D-B7B1-0D3FE06A0EDE}.Debug|Any CPU.ActiveCfg = Debug|Any CPU
		{B5E991D9-BA03-4E6D-B7B1-0D3FE06A0EDE}.Debug|Any CPU.Build.0 = Debug|Any CPU
		{B5E991D9-BA03-4E6D-B7B1-0D3FE06A0EDE}.Release|Any CPU.ActiveCfg = Release|Any CPU
		{B5E991D9-BA03-4E6D-B7B1-0D3FE06A0EDE}.Release|Any CPU.Build.0 = Release|Any CPU
		{9A0ED60F-A97A-408A-A48C-0785B8802A37}.Debug|Any CPU.ActiveCfg = Debug|Any CPU
		{9A0ED60F-A97A-408A-A48C-0785B8802A37}.Debug|Any CPU.Build.0 = Debug|Any CPU
		{9A0ED60F-A97A-408A-A48C-0785B8802A37}.Release|Any CPU.ActiveCfg = Release|Any CPU
		{9A0ED60F-A97A-408A-A48C-0785B8802A37}.Release|Any CPU.Build.0 = Release|Any CPU
		{6610A3FA-ADB1-4A30-B986-57275ACAD3EF}.Debug|Any CPU.ActiveCfg = Debug|Any CPU
		{6610A3FA-ADB1-4A30-B986-57275ACAD3EF}.Debug|Any CPU.Build.0 = Debug|Any CPU
		{6610A3FA-ADB1-4A30-B986-57275ACAD3EF}.Release|Any CPU.ActiveCfg = Release|Any CPU
		{6610A3FA-ADB1-4A30-B986-57275ACAD3EF}.Release|Any CPU.Build.0 = Release|Any CPU
		{2F0709E6-9A82-413E-BEFF-04581BE30EE8}.Debug|Any CPU.ActiveCfg = Debug|Any CPU
		{2F0709E6-9A82-413E-BEFF-04581BE30EE8}.Debug|Any CPU.Build.0 = Debug|Any CPU
		{2F0709E6-9A82-413E-BEFF-04581BE30EE8}.Release|Any CPU.ActiveCfg = Release|Any CPU
		{2F0709E6-9A82-413E-BEFF-04581BE30EE8}.Release|Any CPU.Build.0 = Release|Any CPU
	EndGlobalSection
	GlobalSection(SolutionProperties) = preSolution
		HideSolutionNode = FALSE
	EndGlobalSection
	GlobalSection(NestedProjects) = preSolution
		{B5E991D9-BA03-4E6D-B7B1-0D3FE06A0EDE} = {52F8F224-01BD-4517-BD76-2DE8D03DC18A}
		{9A0ED60F-A97A-408A-A48C-0785B8802A37} = {4FE8E3B1-D2C2-4427-A402-BD251EC549F7}
		{6610A3FA-ADB1-4A30-B986-57275ACAD3EF} = {4FE8E3B1-D2C2-4427-A402-BD251EC549F7}
		{2F0709E6-9A82-413E-BEFF-04581BE30EE8} = {E2FE77A1-4CC4-46BA-B808-3588E7F0973A}
	EndGlobalSection
	GlobalSection(ExtensibilityGlobals) = postSolution
		SolutionGuid = {4EADACD7-38A2-4A92-821E-39B3622653FA}
	EndGlobalSection
EndGlobal
